
Microsoft Visual Studio Solution File, Format Version 12.00
# Visual Studio Version 17
VisualStudioVersion = 17.9.34607.119
MinimumVisualStudioVersion = 10.0.40219.1
Project("{9A19103F-16F7-4668-BE54-9A1E7A4F7556}") = "WebApi_Proyecto_Final", "WebApi_Proyecto_Final.csproj", "{ABB4945F-C530-4F2E-824E-946FC6D39A2C}"
EndProject
Global
	GlobalSection(SolutionConfigurationPlatforms) = preSolution
		Debug|Any CPU = Debug|Any CPU
		Release|Any CPU = Release|Any CPU
	EndGlobalSection
	GlobalSection(ProjectConfigurationPlatforms) = postSolution
		{ABB4945F-C530-4F2E-824E-946FC6D39A2C}.Debug|Any CPU.ActiveCfg = Debug|Any CPU
		{ABB4945F-C530-4F2E-824E-946FC6D39A2C}.Debug|Any CPU.Build.0 = Debug|Any CPU
		{ABB4945F-C530-4F2E-824E-946FC6D39A2C}.Release|Any CPU.ActiveCfg = Release|Any CPU
		{ABB4945F-C530-4F2E-824E-946FC6D39A2C}.Release|Any CPU.Build.0 = Release|Any CPU
	EndGlobalSection
	GlobalSection(SolutionProperties) = preSolution
		HideSolutionNode = FALSE
	EndGlobalSection
	GlobalSection(ExtensibilityGlobals) = postSolution
		SolutionGuid = {F45DA69C-94E3-4B7C-924D-86AAC17CB649}
	EndGlobalSection
EndGlobal
